PODS:
  - Flutter (1.0.0)
  - flutter_tts (0.0.1):
    - Flutter
  - printing (1.0.0):
    - Flutter
  - razorpay-core-pod (1.0.9)
  - razorpay-pod (1.5.8):
    - razorpay-core-pod (= 1.0.9)
  - razorpay_flutter (1.1.10):
    - Flutter
    - razorpay-pod

DEPENDENCIES:
  - Flutter (from `Flutter`)
  - flutter_tts (from `.symlinks/plugins/flutter_tts/ios`)
  - printing (from `.symlinks/plugins/printing/ios`)
  - razorpay_flutter (from `.symlinks/plugins/razorpay_flutter/ios`)

SPEC REPOS:
  trunk:
    - razorpay-core-pod
    - razorpay-pod

EXTERNAL SOURCES:
  Flutter:
    :path: Flutter
  flutter_tts:
    :path: ".symlinks/plugins/flutter_tts/ios"
  printing:
    :path: ".symlinks/plugins/printing/ios"
  razorpay_flutter:
    :path: ".symlinks/plugins/razorpay_flutter/ios"

SPEC CHECKSUMS:
  Flutter: 71a624a5bc0c04062bf19101d501e466baf2fb47
  flutter_tts: b88dbc8655d3dc961bc4a796e4e16a4cc1795833
  printing: 54ff03f28fe9ba3aa93358afb80a8595a071dd07
  razorpay-core-pod: 7ecea8ed3c47751e6a958f6c88126ea068f8c8fc
  razorpay-pod: 3fc296eacb28a059c55144286ea7c04d33d894f5
  razorpay_flutter: 0e98e4fcaae27ad50e011d85f66d85e0a008754a

PODFILE CHECKSUM: 3ba3a73b1b12adcf321a227a745625fe0888cc82

COCOAPODS: 1.16.2
